
Microsoft Visual Studio Solution File, Format Version 12.00
# Visual Studio 2012
Project("{FAE04EC0-301F-11D3-BF4B-00C04F79EFBC}") = "Project1", "Project1\Project1.csproj", "{822A73CC-3ECD-4F8D-BDF2-CE35738E03D7}"
EndProject
Global
	GlobalSection(SolutionConfigurationPlatforms) = preSolution
		Debug|Any CPU = Debug|Any CPU
		Release|Any CPU = Release|Any CPU
	EndGlobalSection
	GlobalSection(ProjectConfigurationPlatforms) = postSolution
		{822A73CC-3ECD-4F8D-BDF2-CE35738E03D7}.Debug|Any CPU.ActiveCfg = Debug|Any CPU
		{822A73CC-3ECD-4F8D-BDF2-CE35738E03D7}.Debug|Any CPU.Build.0 = Debug|Any CPU
		{822A73CC-3ECD-4F8D-BDF2-CE35738E03D7}.Release|Any CPU.ActiveCfg = Release|Any CPU
		{822A73CC-3ECD-4F8D-BDF2-CE35738E03D7}.Release|Any CPU.Build.0 = Release|Any CPU
	EndGlobalSection
	GlobalSection(SolutionProperties) = preSolution
		HideSolutionNode = FALSE
	EndGlobalSection
EndGlobal
